
Microsoft Visual Studio Solution File, Format Version 12.00
# Visual Studio Version 16
VisualStudioVersion = 16.0.32407.337
MinimumVisualStudioVersion = 10.0.40219.1
Project("{FAE04EC0-301F-11D3-BF4B-00C04F79EFBC}") = "Carousel_Page.UWP", "Carousel_Page.UWP\Carousel_Page.UWP.csproj", "{25264C1F-412B-4362-BECD-B4BD804EC083}"
EndProject
Project("{FAE04EC0-301F-11D3-BF4B-00C04F79EFBC}") = "Carousel_Page.Android", "Carousel_Page.Android\Carousel_Page.Android.csproj", "{F9C88FD2-B4C6-4A42-A23A-C6C23A0877AD}"
EndProject
Project("{FAE04EC0-301F-11D3-BF4B-00C04F79EFBC}") = "Carousel_Page.iOS", "Carousel_Page.iOS\Carousel_Page.iOS.csproj", "{0630D200-435D-401F-B8EC-D7FF931E93CA}"
EndProject
Project("{FAE04EC0-301F-11D3-BF4B-00C04F79EFBC}") = "Carousel_Page", "Carousel_Page\Carousel_Page.csproj", "{2D1FDC44-59B2-43E7-8B69-2160E9499378}"
EndProject
Global
	GlobalSection(SolutionConfigurationPlatforms) = preSolution
		Debug|Any CPU = Debug|Any CPU
		Debug|ARM = Debug|ARM
		Debug|iPhone = Debug|iPhone
		Debug|iPhoneSimulator = Debug|iPhoneSimulator
		Debug|x64 = Debug|x64
		Debug|x86 = Debug|x86
		Release|Any CPU = Release|Any CPU
		Release|ARM = Release|ARM
		Release|iPhone = Release|iPhone
		Release|iPhoneSimulator = Release|iPhoneSimulator
		Release|x64 = Release|x64
		Release|x86 = Release|x86
	EndGlobalSection
	GlobalSection(ProjectConfigurationPlatforms) = postSolution
		{25264C1F-412B-4362-BECD-B4BD804EC083}.Debug|Any CPU.ActiveCfg = Debug|x86
		{25264C1F-412B-4362-BECD-B4BD804EC083}.Debug|Any CPU.Build.0 = Debug|x86
		{25264C1F-412B-4362-BECD-B4BD804EC083}.Debug|Any CPU.Deploy.0 = Debug|x86
		{25264C1F-412B-4362-BECD-B4BD804EC083}.Debug|ARM.ActiveCfg = Debug|ARM
		{25264C1F-412B-4362-BECD-B4BD804EC083}.Debug|ARM.Build.0 = Debug|ARM
		{25264C1F-412B-4362-BECD-B4BD804EC083}.Debug|ARM.Deploy.0 = Debug|ARM
		{25264C1F-412B-4362-BECD-B4BD804EC083}.Debug|iPhone.ActiveCfg = Debug|x86
		{25264C1F-412B-4362-BECD-B4BD804EC083}.Debug|iPhone.Build.0 = Debug|x86
		{25264C1F-412B-4362-BECD-B4BD804EC083}.Debug|iPhone.Deploy.0 = Debug|x86
		{25264C1F-412B-4362-BECD-B4BD804EC083}.Debug|iPhoneSimulator.ActiveCfg = Debug|x86
		{25264C1F-412B-4362-BECD-B4BD804EC083}.Debug|iPhoneSimulator.Build.0 = Debug|x86
		{25264C1F-412B-4362-BECD-B4BD804EC083}.Debug|iPhoneSimulator.Deploy.0 = Debug|x86
		{25264C1F-412B-4362-BECD-B4BD804EC083}.Debug|x64.ActiveCfg = Debug|x64
		{25264C1F-412B-4362-BECD-B4BD804EC083}.Debug|x64.Build.0 = Debug|x64
		{25264C1F-412B-4362-BECD-B4BD804EC083}.Debug|x64.Deploy.0 = Debug|x64
		{25264C1F-412B-4362-BECD-B4BD804EC083}.Debug|x86.ActiveCfg = Debug|x86
		{25264C1F-412B-4362-BECD-B4BD804EC083}.Debug|x86.Build.0 = Debug|x86
		{25264C1F-412B-4362-BECD-B4BD804EC083}.Debug|x86.Deploy.0 = Debug|x86
		{25264C1F-412B-4362-BECD-B4BD804EC083}.Release|Any CPU.ActiveCfg = Release|x86
		{25264C1F-412B-4362-BECD-B4BD804EC083}.Release|Any CPU.Build.0 = Release|x86
		{25264C1F-412B-4362-BECD-B4BD804EC083}.Release|Any CPU.Deploy.0 = Release|x86
		{25264C1F-412B-4362-BECD-B4BD804EC083}.Release|ARM.ActiveCfg = Release|ARM
		{25264C1F-412B-4362-BECD-B4BD804EC083}.Release|ARM.Build.0 = Release|ARM
		{25264C1F-412B-4362-BECD-B4BD804EC083}.Release|ARM.Deploy.0 = Release|ARM
		{25264C1F-412B-4362-BECD-B4BD804EC083}.Release|iPhone.ActiveCfg = Release|x86
		{25264C1F-412B-4362-BECD-B4BD804EC083}.Release|iPhone.Build.0 = Release|x86
		{25264C1F-412B-4362-BECD-B4BD804EC083}.Release|iPhone.Deploy.0 = Release|x86
		{25264C1F-412B-4362-BECD-B4BD804EC083}.Release|iPhoneSimulator.ActiveCfg = Release|x86
		{25264C1F-412B-4362-BECD-B4BD804EC083}.Release|iPhoneSimulator.Build.0 = Release|x86
		{25264C1F-412B-4362-BECD-B4BD804EC083}.Release|iPhoneSimulator.Deploy.0 = Release|x86
		{25264C1F-412B-4362-BECD-B4BD804EC083}.Release|x64.ActiveCfg = Release|x64
		{25264C1F-412B-4362-BECD-B4BD804EC083}.Release|x64.Build.0 = Release|x64
		{25264C1F-412B-4362-BECD-B4BD804EC083}.Release|x64.Deploy.0 = Release|x64
		{25264C1F-412B-4362-BECD-B4BD804EC083}.Release|x86.ActiveCfg = Release|x86
		{25264C1F-412B-4362-BECD-B4BD804EC083}.Release|x86.Build.0 = Release|x86
		{25264C1F-412B-4362-BECD-B4BD804EC083}.Release|x86.Deploy.0 = Release|x86
		{F9C88FD2-B4C6-4A42-A23A-C6C23A0877AD}.Debug|Any CPU.ActiveCfg = Debug|Any CPU
		{F9C88FD2-B4C6-4A42-A23A-C6C23A0877AD}.Debug|Any CPU.Build.0 = Debug|Any CPU
		{F9C88FD2-B4C6-4A42-A23A-C6C23A0877AD}.Debug|Any CPU.Deploy.0 = Debug|Any CPU
		{F9C88FD2-B4C6-4A42-A23A-C6C23A0877AD}.Debug|ARM.ActiveCfg = Debug|Any CPU
		{F9C88FD2-B4C6-4A42-A23A-C6C23A0877AD}.Debug|ARM.Build.0 = Debug|Any CPU
		{F9C88FD2-B4C6-4A42-A23A-C6C23A0877AD}.Debug|ARM.Deploy.0 = Debug|Any CPU
		{F9C88FD2-B4C6-4A42-A23A-C6C23A0877AD}.Debug|iPhone.ActiveCfg = Debug|Any CPU
		{F9C88FD2-B4C6-4A42-A23A-C6C23A0877AD}.Debug|iPhone.Build.0 = Debug|Any CPU
		{F9C88FD2-B4C6-4A42-A23A-C6C23A0877AD}.Debug|iPhone.Deploy.0 = Debug|Any CPU
		{F9C88FD2-B4C6-4A42-A23A-C6C23A0877AD}.Debug|iPhoneSimulator.ActiveCfg = Debug|Any CPU
		{F9C88FD2-B4C6-4A42-A23A-C6C23A0877AD}.Debug|iPhoneSimulator.Build.0 = Debug|Any CPU
		{F9C88FD2-B4C6-4A42-A23A-C6C23A0877AD}.Debug|iPhoneSimulator.Deploy.0 = Debug|Any CPU
		{F9C88FD2-B4C6-4A42-A23A-C6C23A0877AD}.Debug|x64.ActiveCfg = Debug|Any CPU
		{F9C88FD2-B4C6-4A42-A23A-C6C23A0877AD}.Debug|x64.Build.0 = Debug|Any CPU
		{F9C88FD2-B4C6-4A42-A23A-C6C23A0877AD}.Debug|x64.Deploy.0 = Debug|Any CPU
		{F9C88FD2-B4C6-4A42-A23A-C6C23A0877AD}.Debug|x86.ActiveCfg = Debug|Any CPU
		{F9C88FD2-B4C6-4A42-A23A-C6C23A0877AD}.Debug|x86.Build.0 = Debug|Any CPU
		{F9C88FD2-B4C6-4A42-A23A-C6C23A0877AD}.Debug|x86.Deploy.0 = Debug|Any CPU
		{F9C88FD2-B4C6-4A42-A23A-C6C23A0877AD}.Release|Any CPU.ActiveCfg = Release|Any CPU
		{F9C88FD2-B4C6-4A42-A23A-C6C23A0877AD}.Release|Any CPU.Build.0 = Release|Any CPU
		{F9C88FD2-B4C6-4A42-A23A-C6C23A0877AD}.Release|Any CPU.Deploy.0 = Release|Any CPU
		{F9C88FD2-B4C6-4A42-A23A-C6C23A0877AD}.Release|ARM.ActiveCfg = Release|Any CPU
		{F9C88FD2-B4C6-4A42-A23A-C6C23A0877AD}.Release|ARM.Build.0 = Release|Any CPU
		{F9C88FD2-B4C6-4A42-A23A-C6C23A0877AD}.Release|ARM.Deploy.0 = Release|Any CPU
		{F9C88FD2-B4C6-4A42-A23A-C6C23A0877AD}.Release|iPhone.ActiveCfg = Release|Any CPU
		{F9C88FD2-B4C6-4A42-A23A-C6C23A0877AD}.Release|iPhone.Build.0 = Release|Any CPU
		{F9C88FD2-B4C6-4A42-A23A-C6C23A0877AD}.Release|iPhone.Deploy.0 = Release|Any CPU
		{F9C88FD2-B4C6-4A42-A23A-C6C23A0877AD}.Release|iPhoneSimulator.ActiveCfg = Release|Any CPU
		{F9C88FD2-B4C6-4A42-A23A-C6C23A0877AD}.Release|iPhoneSimulator.Build.0 = Release|Any CPU
		{F9C88FD2-B4C6-4A42-A23A-C6C23A0877AD}.Release|iPhoneSimulator.Deploy.0 = Release|Any CPU
		{F9C88FD2-B4C6-4A42-A23A-C6C23A0877AD}.Release|x64.ActiveCfg = Release|Any CPU
		{F9C88FD2-B4C6-4A42-A23A-C6C23A0877AD}.Release|x64.Build.0 = Release|Any CPU
		{F9C88FD2-B4C6-4A42-A23A-C6C23A0877AD}.Release|x64.Deploy.0 = Release|Any CPU
		{F9C88FD2-B4C6-4A42-A23A-C6C23A0877AD}.Release|x86.ActiveCfg = Release|Any CPU
		{F9C88FD2-B4C6-4A42-A23A-C6C23A0877AD}.Release|x86.Build.0 = Release|Any CPU
		{F9C88FD2-B4C6-4A42-A23A-C6C23A0877AD}.Release|x86.Deploy.0 = Release|Any CPU
		{0630D200-435D-401F-B8EC-D7FF931E93CA}.Debug|Any CPU.ActiveCfg = Debug|iPhoneSimulator
		{0630D200-435D-401F-B8EC-D7FF931E93CA}.Debug|Any CPU.Build.0 = Debug|iPhoneSimulator
		{0630D200-435D-401F-B8EC-D7FF931E93CA}.Debug|Any CPU.Deploy.0 = Debug|iPhoneSimulator
		{0630D200-435D-401F-B8EC-D7FF931E93CA}.Debug|ARM.ActiveCfg = Debug|iPhone
		{0630D200-435D-401F-B8EC-D7FF931E93CA}.Debug|ARM.Build.0 = Debug|iPhone
		{0630D200-435D-401F-B8EC-D7FF931E93CA}.Debug|ARM.Deploy.0 = Debug|iPhone
		{0630D200-435D-401F-B8EC-D7FF931E93CA}.Debug|iPhone.ActiveCfg = Debug|iPhone
		{0630D200-435D-401F-B8EC-D7FF931E93CA}.Debug|iPhone.Build.0 = Debug|iPhone
		{0630D200-435D-401F-B8EC-D7FF931E93CA}.Debug|iPhone.Deploy.0 = Debug|iPhone
		{0630D200-435D-401F-B8EC-D7FF931E93CA}.Debug|iPhoneSimulator.ActiveCfg = Debug|iPhoneSimulator
		{0630D200-435D-401F-B8EC-D7FF931E93CA}.Debug|iPhoneSimulator.Build.0 = Debug|iPhoneSimulator
		{0630D200-435D-401F-B8EC-D7FF931E93CA}.Debug|iPhoneSimulator.Deploy.0 = Debug|iPhoneSimulator
		{0630D200-435D-401F-B8EC-D7FF931E93CA}.Debug|x64.ActiveCfg = Debug|iPhoneSimulator
		{0630D200-435D-401F-B8EC-D7FF931E93CA}.Debug|x64.Build.0 = Debug|iPhoneSimulator
		{0630D200-435D-401F-B8EC-D7FF931E93CA}.Debug|x64.Deploy.0 = Debug|iPhoneSimulator
		{0630D200-435D-401F-B8EC-D7FF931E93CA}.Debug|x86.ActiveCfg = Debug|iPhoneSimulator
		{0630D200-435D-401F-B8EC-D7FF931E93CA}.Debug|x86.Build.0 = Debug|iPhoneSimulator
		{0630D200-435D-401F-B8EC-D7FF931E93CA}.Debug|x86.Deploy.0 = Debug|iPhoneSimulator
		{0630D200-435D-401F-B8EC-D7FF931E93CA}.Release|Any CPU.ActiveCfg = Release|iPhoneSimulator
		{0630D200-435D-401F-B8EC-D7FF931E93CA}.Release|Any CPU.Build.0 = Release|iPhoneSimulator
		{0630D200-435D-401F-B8EC-D7FF931E93CA}.Release|Any CPU.Deploy.0 = Release|iPhoneSimulator
		{0630D200-435D-401F-B8EC-D7FF931E93CA}.Release|ARM.ActiveCfg = Release|iPhoneSimulator
		{0630D200-435D-401F-B8EC-D7FF931E93CA}.Release|ARM.Build.0 = Release|iPhoneSimulator
		{0630D200-435D-401F-B8EC-D7FF931E93CA}.Release|ARM.Deploy.0 = Release|iPhoneSimulator
		{0630D200-435D-401F-B8EC-D7FF931E93CA}.Release|iPhone.ActiveCfg = Release|iPhone
		{0630D200-435D-401F-B8EC-D7FF931E93CA}.Release|iPhone.Build.0 = Release|iPhone
		{0630D200-435D-401F-B8EC-D7FF931E93CA}.Release|iPhone.Deploy.0 = Release|iPhone
		{0630D200-435D-401F-B8EC-D7FF931E93CA}.Release|iPhoneSimulator.ActiveCfg = Release|iPhoneSimulator
		{0630D200-435D-401F-B8EC-D7FF931E93CA}.Release|iPhoneSimulator.Build.0 = Release|iPhoneSimulator
		{0630D200-435D-401F-B8EC-D7FF931E93CA}.Release|iPhoneSimulator.Deploy.0 = Release|iPhoneSimulator
		{0630D200-435D-401F-B8EC-D7FF931E93CA}.Release|x64.ActiveCfg = Release|iPhoneSimulator
		{0630D200-435D-401F-B8EC-D7FF931E93CA}.Release|x64.Build.0 = Release|iPhoneSimulator
		{0630D200-435D-401F-B8EC-D7FF931E93CA}.Release|x64.Deploy.0 = Release|iPhoneSimulator
		{0630D200-435D-401F-B8EC-D7FF931E93CA}.Release|x86.ActiveCfg = Release|iPhoneSimulator
		{0630D200-435D-401F-B8EC-D7FF931E93CA}.Release|x86.Build.0 = Release|iPhoneSimulator
		{0630D200-435D-401F-B8EC-D7FF931E93CA}.Release|x86.Deploy.0 = Release|iPhoneSimulator
		{2D1FDC44-59B2-43E7-8B69-2160E9499378}.Debug|Any CPU.ActiveCfg = Debug|Any CPU
		{2D1FDC44-59B2-43E7-8B69-2160E9499378}.Debug|Any CPU.Build.0 = Debug|Any CPU
		{2D1FDC44-59B2-43E7-8B69-2160E9499378}.Debug|Any CPU.Deploy.0 = Debug|Any CPU
		{2D1FDC44-59B2-43E7-8B69-2160E9499378}.Debug|ARM.ActiveCfg = Debug|Any CPU
		{2D1FDC44-59B2-43E7-8B69-2160E9499378}.Debug|ARM.Build.0 = Debug|Any CPU
		{2D1FDC44-59B2-43E7-8B69-2160E9499378}.Debug|ARM.Deploy.0 = Debug|Any CPU
		{2D1FDC44-59B2-43E7-8B69-2160E9499378}.Debug|iPhone.ActiveCfg = Debug|Any CPU
		{2D1FDC44-59B2-43E7-8B69-2160E9499378}.Debug|iPhone.Build.0 = Debug|Any CPU
		{2D1FDC44-59B2-43E7-8B69-2160E9499378}.Debug|iPhone.Deploy.0 = Debug|Any CPU
		{2D1FDC44-59B2-43E7-8B69-2160E9499378}.Debug|iPhoneSimulator.ActiveCfg = Debug|Any CPU
		{2D1FDC44-59B2-43E7-8B69-2160E9499378}.Debug|iPhoneSimulator.Build.0 = Debug|Any CPU
		{2D1FDC44-59B2-43E7-8B69-2160E9499378}.Debug|iPhoneSimulator.Deploy.0 = Debug|Any CPU
		{2D1FDC44-59B2-43E7-8B69-2160E9499378}.Debug|x64.ActiveCfg = Debug|Any CPU
		{2D1FDC44-59B2-43E7-8B69-2160E9499378}.Debug|x64.Build.0 = Debug|Any CPU
		{2D1FDC44-59B2-43E7-8B69-2160E9499378}.Debug|x64.Deploy.0 = Debug|Any CPU
		{2D1FDC44-59B2-43E7-8B69-2160E9499378}.Debug|x86.ActiveCfg = Debug|Any CPU
		{2D1FDC44-59B2-43E7-8B69-2160E9499378}.Debug|x86.Build.0 = Debug|Any CPU
		{2D1FDC44-59B2-43E7-8B69-2160E9499378}.Debug|x86.Deploy.0 = Debug|Any CPU
		{2D1FDC44-59B2-43E7-8B69-2160E9499378}.Release|Any CPU.ActiveCfg = Release|Any CPU
		{2D1FDC44-59B2-43E7-8B69-2160E9499378}.Release|Any CPU.Build.0 = Release|Any CPU
		{2D1FDC44-59B2-43E7-8B69-2160E9499378}.Release|Any CPU.Deploy.0 = Release|Any CPU
		{2D1FDC44-59B2-43E7-8B69-2160E9499378}.Release|ARM.ActiveCfg = Release|Any CPU
		{2D1FDC44-59B2-43E7-8B69-2160E9499378}.Release|ARM.Build.0 = Release|Any CPU
		{2D1FDC44-59B2-43E7-8B69-2160E9499378}.Release|ARM.Deploy.0 = Release|Any CPU
		{2D1FDC44-59B2-43E7-8B69-2160E9499378}.Release|iPhone.ActiveCfg = Release|Any CPU
		{2D1FDC44-59B2-43E7-8B69-2160E9499378}.Release|iPhone.Build.0 = Release|Any CPU
		{2D1FDC44-59B2-43E7-8B69-2160E9499378}.Release|iPhone.Deploy.0 = Release|Any CPU
		{2D1FDC44-59B2-43E7-8B69-2160E9499378}.Release|iPhoneSimulator.ActiveCfg = Release|Any CPU
		{2D1FDC44-59B2-43E7-8B69-2160E9499378}.Release|iPhoneSimulator.Build.0 = Release|Any CPU
		{2D1FDC44-59B2-43E7-8B69-2160E9499378}.Release|iPhoneSimulator.Deploy.0 = Release|Any CPU
		{2D1FDC44-59B2-43E7-8B69-2160E9499378}.Release|x64.ActiveCfg = Release|Any CPU
		{2D1FDC44-59B2-43E7-8B69-2160E9499378}.Release|x64.Build.0 = Release|Any CPU
		{2D1FDC44-59B2-43E7-8B69-2160E9499378}.Release|x64.Deploy.0 = Release|Any CPU
		{2D1FDC44-59B2-43E7-8B69-2160E9499378}.Release|x86.ActiveCfg = Release|Any CPU
		{2D1FDC44-59B2-43E7-8B69-2160E9499378}.Release|x86.Build.0 = Release|Any CPU
		{2D1FDC44-59B2-43E7-8B69-2160E9499378}.Release|x86.Deploy.0 = Release|Any CPU
	EndGlobalSection
	GlobalSection(SolutionProperties) = preSolution
		HideSolutionNode = FALSE
	EndGlobalSection
	GlobalSection(ExtensibilityGlobals) = postSolution
		SolutionGuid = {B1228945-5F63-4354-B417-B0592291DBA1}
	EndGlobalSection
EndGlobal
